{
  "requires": true,
  "lockfileVersion": 1,
  "dependencies": {
    "@hmscore/hms-js-account": {
      "version": "5.2.0-300",
      "resolved": "http://mirrors.tools.huawei.com/npm/@hmscore/hms-js-account/-/hms-js-account-5.2.0-300.tgz",
      "integrity": "sha512-PBI0xNKedcOJpmoLFqAkKRj2ha4IBrFXl8Yd0u2JfmdN7yUUe8PtZAye0osh7nv9Na1yQ5/Z3SDdPeIr1LL4Cg=="
    }
  }
}
